
Microsoft Visual Studio Solution File, Format Version 12.00
# Visual Studio Version 17
VisualStudioVersion = 17.13.35825.156 d17.13
MinimumVisualStudioVersion = 10.0.40219.1
Project("{FAE04EC0-301F-11D3-BF4B-00C04F79EFBC}") = "FarClipPlane", "FarClipPlane.csproj", "{EBD79044-EC9D-D4DB-E8BE-55CD0805786F}"
EndProject
Global
	GlobalSection(SolutionConfigurationPlatforms) = preSolution
		Debug|Any CPU = Debug|Any CPU
		Release|Any CPU = Release|Any CPU
	EndGlobalSection
	GlobalSection(ProjectConfigurationPlatforms) = postSolution
		{EBD79044-EC9D-D4DB-E8BE-55CD0805786F}.Debug|Any CPU.ActiveCfg = Debug|Any CPU
		{EBD79044-EC9D-D4DB-E8BE-55CD0805786F}.Debug|Any CPU.Build.0 = Debug|Any CPU
		{EBD79044-EC9D-D4DB-E8BE-55CD0805786F}.Release|Any CPU.ActiveCfg = Release|Any CPU
		{EBD79044-EC9D-D4DB-E8BE-55CD0805786F}.Release|Any CPU.Build.0 = Release|Any CPU
	EndGlobalSection
	GlobalSection(SolutionProperties) = preSolution
		HideSolutionNode = FALSE
	EndGlobalSection
	GlobalSection(ExtensibilityGlobals) = postSolution
		SolutionGuid = {3168845D-473F-4B28-A5EF-3B36FBFF7EE2}
	EndGlobalSection
EndGlobal
